
Microsoft Visual Studio Solution File, Format Version 12.00
# Visual Studio Version 17
VisualStudioVersion = 17.14.36401.2 d17.14
MinimumVisualStudioVersion = 10.0.40219.1
Project("{FAE04EC0-301F-11D3-BF4B-00C04F79EFBC}") = "REading a File", "REading a File\REading a File.csproj", "{30DD070D-6292-4E8B-ADFC-67E46A04BADB}"
EndProject
Global
	GlobalSection(SolutionConfigurationPlatforms) = preSolution
		Debug|Any CPU = Debug|Any CPU
		Release|Any CPU = Release|Any CPU
	EndGlobalSection
	GlobalSection(ProjectConfigurationPlatforms) = postSolution
		{30DD070D-6292-4E8B-ADFC-67E46A04BADB}.Debug|Any CPU.ActiveCfg = Debug|Any CPU
		{30DD070D-6292-4E8B-ADFC-67E46A04BADB}.Debug|Any CPU.Build.0 = Debug|Any CPU
		{30DD070D-6292-4E8B-ADFC-67E46A04BADB}.Release|Any CPU.ActiveCfg = Release|Any CPU
		{30DD070D-6292-4E8B-ADFC-67E46A04BADB}.Release|Any CPU.Build.0 = Release|Any CPU
	EndGlobalSection
	GlobalSection(SolutionProperties) = preSolution
		HideSolutionNode = FALSE
	EndGlobalSection
	GlobalSection(ExtensibilityGlobals) = postSolution
		SolutionGuid = {AE35E8D8-8A86-4BD0-ADD8-10208E4E70DF}
	EndGlobalSection
EndGlobal
